
Microsoft Visual Studio Solution File, Format Version 12.00
# Visual Studio Version 17
VisualStudioVersion = 17.3.32929.385
MinimumVisualStudioVersion = 10.0.40219.1
Project("{FAE04EC0-301F-11D3-BF4B-00C04F79EFBC}") = "Azimuth", "Azimuth\Azimuth.csproj", "{C2F5B854-BB81-4F62-90A4-DBCEB646FADC}"
EndProject
Project("{FAE04EC0-301F-11D3-BF4B-00C04F79EFBC}") = "Azimuth-Test", "Azimuth-Test\Azimuth-Test.csproj", "{1EB63903-9E6E-4876-87DA-2524709D1B1F}"
EndProject
Global
	GlobalSection(SolutionConfigurationPlatforms) = preSolution
		Debug|Any CPU = Debug|Any CPU
		Release|Any CPU = Release|Any CPU
	EndGlobalSection
	GlobalSection(ProjectConfigurationPlatforms) = postSolution
		{C2F5B854-BB81-4F62-90A4-DBCEB646FADC}.Debug|Any CPU.ActiveCfg = Debug|Any CPU
		{C2F5B854-BB81-4F62-90A4-DBCEB646FADC}.Debug|Any CPU.Build.0 = Debug|Any CPU
		{C2F5B854-BB81-4F62-90A4-DBCEB646FADC}.Release|Any CPU.ActiveCfg = Release|Any CPU
		{C2F5B854-BB81-4F62-90A4-DBCEB646FADC}.Release|Any CPU.Build.0 = Release|Any CPU
		{1EB63903-9E6E-4876-87DA-2524709D1B1F}.Debug|Any CPU.ActiveCfg = Debug|Any CPU
		{1EB63903-9E6E-4876-87DA-2524709D1B1F}.Debug|Any CPU.Build.0 = Debug|Any CPU
		{1EB63903-9E6E-4876-87DA-2524709D1B1F}.Release|Any CPU.ActiveCfg = Release|Any CPU
		{1EB63903-9E6E-4876-87DA-2524709D1B1F}.Release|Any CPU.Build.0 = Release|Any CPU
	EndGlobalSection
	GlobalSection(SolutionProperties) = preSolution
		HideSolutionNode = FALSE
	EndGlobalSection
	GlobalSection(ExtensibilityGlobals) = postSolution
		SolutionGuid = {88D758C0-31B7-4BAA-ABF3-ED63BA0C932D}
	EndGlobalSection
EndGlobal
